github.com/fausecteam/ctf-gameserver/go/checkerlib v0.0.0-20230218080707-d1dfb3000ddf h1:F5ijjN6Wg9DVtJ/hKVcKoOnNgsaHtsqc2Adqk/NSTUE=
github.com/fausecteam/ctf-gameserver/go/checkerlib v0.0.0-20230218080707-d1dfb3000ddf/go.mod h1:Hb+eKFbWT/6ELb4Qokkr5Pw6jaihL13lfCaWPsgTdBg=
golang.org/x/crypto v0.6.0 h1:qfktjS5LUO+fFKeJXZ+ikTRijMmljikvG68fpMMruSc=
golang.org/x/crypto v0.6.0/go.mod h1:OFC/31mSvZgRz0V1QTNCzfAI1aIRzbiufJtkMIlEp58=
golang.org/x/sys v0.5.0 h1:MUK/U/4lj1t1oPg0HfuXDN/Z1wv31ZJ/YcPiGccS4DU=
golang.org/x/sys v0.5.0/go.mod h1:oPkhp1MJrh7nUepCBck5+mAzfO9JrbApNNgaTdGDITg=
