github.com/fausecteam/ctf-gameserver/go/checkerlib v0.0.0-20230218080707-d1dfb3000ddf h1:F5ijjN6Wg9DVtJ/hKVcKoOnNgsaHtsqc2Adqk/NSTUE=
github.com/fausecteam/ctf-gameserver/go/checkerlib v0.0.0-20230218080707-d1dfb3000ddf/go.mod h1:Hb+eKFbWT/6ELb4Qokkr5Pw6jaihL13lfCaWPsgTdBg=
golang.org/x/crypto v0.17.0 h1:r8bRNjWL3GshPW3gkd+RpvzWrZAwPS49OmTGZ/uhM4k=
golang.org/x/crypto v0.17.0/go.mod h1:gCAAfMLgwOJRpTjQ2zCCt2OcSfYMTeZVSRtQlPC7Nq4=
golang.org/x/sys v0.15.0 h1:h48lPFYpsTvQJZF4EKyI4aLHaev3CxivZmv7yZig9pc=
golang.org/x/sys v0.15.0/go.mod h1:/VUhepiaJMQUp4+oa/7Zr1D23ma6VTLIYjOOTFZPUcA=
